
Microsoft Visual Studio Solution File, Format Version 12.00
# Visual Studio 14
VisualStudioVersion = 14.0.25420.1
MinimumVisualStudioVersion = 10.0.40219.1
Project("{FAE04EC0-301F-11D3-BF4B-00C04F79EFBC}") = "Tdf.RedisCache", "Tdf.RedisCache\Tdf.RedisCache.csproj", "{186A45BC-8D0D-4E61-AE0C-6DB7CDC56A6C}"
EndProject
Project("{FAE04EC0-301F-11D3-BF4B-00C04F79EFBC}") = "Tests.RedisCache", "Tests.RedisCache\Tests.RedisCache.csproj", "{F2429409-3975-4D25-9B22-F0E673ADBEDB}"
EndProject
Global
	GlobalSection(SolutionConfigurationPlatforms) = preSolution
		Debug|Any CPU = Debug|Any CPU
		Release|Any CPU = Release|Any CPU
	EndGlobalSection
	GlobalSection(ProjectConfigurationPlatforms) = postSolution
		{186A45BC-8D0D-4E61-AE0C-6DB7CDC56A6C}.Debug|Any CPU.ActiveCfg = Debug|Any CPU
		{186A45BC-8D0D-4E61-AE0C-6DB7CDC56A6C}.Debug|Any CPU.Build.0 = Debug|Any CPU
		{186A45BC-8D0D-4E61-AE0C-6DB7CDC56A6C}.Release|Any CPU.ActiveCfg = Release|Any CPU
		{186A45BC-8D0D-4E61-AE0C-6DB7CDC56A6C}.Release|Any CPU.Build.0 = Release|Any CPU
		{F2429409-3975-4D25-9B22-F0E673ADBEDB}.Debug|Any CPU.ActiveCfg = Debug|Any CPU
		{F2429409-3975-4D25-9B22-F0E673ADBEDB}.Debug|Any CPU.Build.0 = Debug|Any CPU
		{F2429409-3975-4D25-9B22-F0E673ADBEDB}.Release|Any CPU.ActiveCfg = Release|Any CPU
		{F2429409-3975-4D25-9B22-F0E673ADBEDB}.Release|Any CPU.Build.0 = Release|Any CPU
	EndGlobalSection
	GlobalSection(SolutionProperties) = preSolution
		HideSolutionNode = FALSE
	EndGlobalSection
EndGlobal
